{
  "name": "instagram-clone",
  "lockfileVersion": 2,
  "requires": true,
  "packages": {
    "": {
      "dependencies": {
        "imagekit-javascript": "^1.5.2"
      }
    },
    "node_modules/imagekit-javascript": {
      "version": "1.5.2",
      "resolved": "https://registry.npmjs.org/imagekit-javascript/-/imagekit-javascript-1.5.2.tgz",
      "integrity": "sha512-qZquDA8vL4TGrn4VhKzzlnaDqPoYrn1Asrcfzfq0HvAy0w0P9jrPTl8foL6bPbvAGzx7Kj2P2M51HrOQKLX4IQ=="
    }
  },
  "dependencies": {
    "imagekit-javascript": {
      "version": "1.5.2",
      "resolved": "https://registry.npmjs.org/imagekit-javascript/-/imagekit-javascript-1.5.2.tgz",
      "integrity": "sha512-qZquDA8vL4TGrn4VhKzzlnaDqPoYrn1Asrcfzfq0HvAy0w0P9jrPTl8foL6bPbvAGzx7Kj2P2M51HrOQKLX4IQ=="
    }
  }
}
